// !$*UTF8*$!
{
	archiveVersion = 1;
	classes = {
	};
	objectVersion = 56;
	objects = {

/* Begin PBXBuildFile section */
		C611E0802B73DB7A0043E335 /* Exercise.swift in Sources */ = {isa = PBXBuildFile; fileRef = C611E07F2B73DB7A0043E335 /* Exercise.swift */; };
		C611E0822B73DC2F0043E335 /* WorkoutManager.swift in Sources */ = {isa = PBXBuildFile; fileRef = C611E0812B73DC2F0043E335 /* WorkoutManager.swift */; };
		C62C5C3C2BAD3D39000A7A95 /* exercises.json in Resources */ = {isa = PBXBuildFile; fileRef = C62C5C3B2BAD3D39000A7A95 /* exercises.json */; };
		C62C5C3E2BAD4BD8000A7A95 /* Date+Extension.swift in Sources */ = {isa = PBXBuildFile; fileRef = C62C5C3D2BAD4BD8000A7A95 /* Date+Extension.swift */; };
		C6563BE62B88F8CB005F5805 /* NotesView.swift in Sources */ = {isa = PBXBuildFile; fileRef = C6563BE52B88F8CB005F5805 /* NotesView.swift */; };
		C683B86E2B707C2000355482 /* Meal.swift in Sources */ = {isa = PBXBuildFile; fileRef = C683B86D2B707C2000355482 /* Meal.swift */; };
		C683B8702B708A8800355482 /* MealLogItem.swift in Sources */ = {isa = PBXBuildFile; fileRef = C683B86F2B708A8800355482 /* MealLogItem.swift */; };
		C683B88E2B70943500355482 /* WorkoutDetailView.swift in Sources */ = {isa = PBXBuildFile; fileRef = C683B88D2B70943500355482 /* WorkoutDetailView.swift */; };
		C699AC9E2B59B7D400E62E8B /* MonthView.swift in Sources */ = {isa = PBXBuildFile; fileRef = C699AC9D2B59B7D400E62E8B /* MonthView.swift */; };
		C699ACA02B59B81600E62E8B /* DayView.swift in Sources */ = {isa = PBXBuildFile; fileRef = C699AC9F2B59B81600E62E8B /* DayView.swift */; };
		C699ACA22B59B86200E62E8B /* ProgressInfomationView.swift in Sources */ = {isa = PBXBuildFile; fileRef = C699ACA12B59B86200E62E8B /* ProgressInfomationView.swift */; };
		C699ACA52B59B8EA00E62E8B /* AddMealButton.swift in Sources */ = {isa = PBXBuildFile; fileRef = C699ACA42B59B8EA00E62E8B /* AddMealButton.swift */; };
		C6CA5E442B54D8DA006756EF /* FirstKlassFitnessApp.swift in Sources */ = {isa = PBXBuildFile; fileRef = C6CA5E432B54D8DA006756EF /* FirstKlassFitnessApp.swift */; };
		C6CA5E462B54D8DA006756EF /* ContentView.swift in Sources */ = {isa = PBXBuildFile; fileRef = C6CA5E452B54D8DA006756EF /* ContentView.swift */; };
		C6CA5E482B54D8DB006756EF /* Assets.xcassets in Resources */ = {isa = PBXBuildFile; fileRef = C6CA5E472B54D8DB006756EF /* Assets.xcassets */; };
		C6CA5E4B2B54D8DB006756EF /* Preview Assets.xcassets in Resources */ = {isa = PBXBuildFile; fileRef = C6CA5E4A2B54D8DB006756EF /* Preview Assets.xcassets */; };
		C6CA5E572B54E034006756EF /* HomeView.swift in Sources */ = {isa = PBXBuildFile; fileRef = C6CA5E562B54E034006756EF /* HomeView.swift */; };
		C6CA5E592B54E0E5006756EF /* TodayWorkoutPlanView.swift in Sources */ = {isa = PBXBuildFile; fileRef = C6CA5E582B54E0E5006756EF /* TodayWorkoutPlanView.swift */; };
		C6CA5E5B2B54E287006756EF /* Theme.xcassets in Resources */ = {isa = PBXBuildFile; fileRef = C6CA5E5A2B54E287006756EF /* Theme.xcassets */; };
		C6CA5E602B54E885006756EF /* Roboto-Regular.ttf in Resources */ = {isa = PBXBuildFile; fileRef = C6CA5E5F2B54E885006756EF /* Roboto-Regular.ttf */; };
		C6CA5E632B56E3ED006756EF /* WorkoutCategoriesSectionView.swift in Sources */ = {isa = PBXBuildFile; fileRef = C6CA5E622B56E3ED006756EF /* WorkoutCategoriesSectionView.swift */; };
		C6CA5E652B56EB61006756EF /* WorkoutLGCardView.swift in Sources */ = {isa = PBXBuildFile; fileRef = C6CA5E642B56EB61006756EF /* WorkoutLGCardView.swift */; };
		C6CA5E6C2B571BE6006756EF /* StatisticView.swift in Sources */ = {isa = PBXBuildFile; fileRef = C6CA5E6B2B571BE6006756EF /* StatisticView.swift */; };
		C6E522CC2B6DA38B003938E4 /* View+Extension.swift in Sources */ = {isa = PBXBuildFile; fileRef = C6E522CB2B6DA38B003938E4 /* View+Extension.swift */; };
		C6E522CE2B6DA3CC003938E4 /* MealLogStationView.swift in Sources */ = {isa = PBXBuildFile; fileRef = C6E522CD2B6DA3CC003938E4 /* MealLogStationView.swift */; };
/* End PBXBuildFile section */

/* Begin PBXFileReference section */
		C611E07F2B73DB7A0043E335 /* Exercise.swift */ = {isa = PBXFileReference; lastKnownFileType = sourcecode.swift; path = Exercise.swift; sourceTree = "<group>"; };
		C611E0812B73DC2F0043E335 /* WorkoutManager.swift */ = {isa = PBXFileReference; lastKnownFileType = sourcecode.swift; path = WorkoutManager.swift; sourceTree = "<group>"; };
		C62C5C3B2BAD3D39000A7A95 /* exercises.json */ = {isa = PBXFileReference; lastKnownFileType = text.json; path = exercises.json; sourceTree = "<group>"; };
		C62C5C3D2BAD4BD8000A7A95 /* Date+Extension.swift */ = {isa = PBXFileReference; lastKnownFileType = sourcecode.swift; path = "Date+Extension.swift"; sourceTree = "<group>"; };
		C6563BE52B88F8CB005F5805 /* NotesView.swift */ = {isa = PBXFileReference; lastKnownFileType = sourcecode.swift; path = NotesView.swift; sourceTree = "<group>"; };
		C683B86D2B707C2000355482 /* Meal.swift */ = {isa = PBXFileReference; lastKnownFileType = sourcecode.swift; path = Meal.swift; sourceTree = "<group>"; };
		C683B86F2B708A8800355482 /* MealLogItem.swift */ = {isa = PBXFileReference; lastKnownFileType = sourcecode.swift; path = MealLogItem.swift; sourceTree = "<group>"; };
		C683B88D2B70943500355482 /* WorkoutDetailView.swift */ = {isa = PBXFileReference; lastKnownFileType = sourcecode.swift; path = WorkoutDetailView.swift; sourceTree = "<group>"; };
		C699AC9D2B59B7D400E62E8B /* MonthView.swift */ = {isa = PBXFileReference; lastKnownFileType = sourcecode.swift; path = MonthView.swift; sourceTree = "<group>"; };
		C699AC9F2B59B81600E62E8B /* DayView.swift */ = {isa = PBXFileReference; lastKnownFileType = sourcecode.swift; path = DayView.swift; sourceTree = "<group>"; };
		C699ACA12B59B86200E62E8B /* ProgressInfomationView.swift */ = {isa = PBXFileReference; lastKnownFileType = sourcecode.swift; path = ProgressInfomationView.swift; sourceTree = "<group>"; };
		C699ACA42B59B8EA00E62E8B /* AddMealButton.swift */ = {isa = PBXFileReference; lastKnownFileType = sourcecode.swift; path = AddMealButton.swift; sourceTree = "<group>"; };
		C6CA5E402B54D8DA006756EF /* FirstKlassFitness.app */ = {isa = PBXFileReference; explicitFileType = wrapper.application; includeInIndex = 0; path = FirstKlassFitness.app; sourceTree = BUILT_PRODUCTS_DIR; };
		C6CA5E432B54D8DA006756EF /* FirstKlassFitnessApp.swift */ = {isa = PBXFileReference; lastKnownFileType = sourcecode.swift; path = FirstKlassFitnessApp.swift; sourceTree = "<group>"; };
		C6CA5E452B54D8DA006756EF /* ContentView.swift */ = {isa = PBXFileReference; lastKnownFileType = sourcecode.swift; path = ContentView.swift; sourceTree = "<group>"; };
		C6CA5E472B54D8DB006756EF /* Assets.xcassets */ = {isa = PBXFileReference; lastKnownFileType = folder.assetcatalog; path = Assets.xcassets; sourceTree = "<group>"; };
		C6CA5E4A2B54D8DB006756EF /* Preview Assets.xcassets */ = {isa = PBXFileReference; lastKnownFileType = folder.assetcatalog; path = "Preview Assets.xcassets"; sourceTree = "<group>"; };
		C6CA5E562B54E034006756EF /* HomeView.swift */ = {isa = PBXFileReference; lastKnownFileType = sourcecode.swift; path = HomeView.swift; sourceTree = "<group>"; };
		C6CA5E582B54E0E5006756EF /* TodayWorkoutPlanView.swift */ = {isa = PBXFileReference; lastKnownFileType = sourcecode.swift; path = TodayWorkoutPlanView.swift; sourceTree = "<group>"; };
		C6CA5E5A2B54E287006756EF /* Theme.xcassets */ = {isa = PBXFileReference; lastKnownFileType = folder.assetcatalog; path = Theme.xcassets; sourceTree = "<group>"; };
		C6CA5E5F2B54E885006756EF /* Roboto-Regular.ttf */ = {isa = PBXFileReference; lastKnownFileType = file; path = "Roboto-Regular.ttf"; sourceTree = "<group>"; };
		C6CA5E612B54E8EB006756EF /* Info.plist */ = {isa = PBXFileReference; lastKnownFileType = text.plist; path = Info.plist; sourceTree = "<group>"; };
		C6CA5E622B56E3ED006756EF /* WorkoutCategoriesSectionView.swift */ = {isa = PBXFileReference; lastKnownFileType = sourcecode.swift; path = WorkoutCategoriesSectionView.swift; sourceTree = "<group>"; };
		C6CA5E642B56EB61006756EF /* WorkoutLGCardView.swift */ = {isa = PBXFileReference; lastKnownFileType = sourcecode.swift; path = WorkoutLGCardView.swift; sourceTree = "<group>"; };
		C6CA5E6B2B571BE6006756EF /* StatisticView.swift */ = {isa = PBXFileReference; lastKnownFileType = sourcecode.swift; path = StatisticView.swift; sourceTree = "<group>"; };
		C6E522CB2B6DA38B003938E4 /* View+Extension.swift */ = {isa = PBXFileReference; lastKnownFileType = sourcecode.swift; path = "View+Extension.swift"; sourceTree = "<group>"; };
		C6E522CD2B6DA3CC003938E4 /* MealLogStationView.swift */ = {isa = PBXFileReference; lastKnownFileType = sourcecode.swift; path = MealLogStationView.swift; sourceTree = "<group>"; };
/* End PBXFileReference section */

/* Begin PBXFrameworksBuildPhase section */
		C6CA5E3D2B54D8DA006756EF /* Frameworks */ = {
			isa = PBXFrameworksBuildPhase;
			buildActionMask = 2147483647;
			files = (
			);
			runOnlyForDeploymentPostprocessing = 0;
		};
/* End PBXFrameworksBuildPhase section */

/* Begin PBXGroup section */
		C6563BE42B88F8B6005F5805 /* Notes */ = {
			isa = PBXGroup;
			children = (
				C6563BE52B88F8CB005F5805 /* NotesView.swift */,
			);
			path = Notes;
			sourceTree = "<group>";
		};
		C683B86C2B707C0800355482 /* Models */ = {
			isa = PBXGroup;
			children = (
				C683B86D2B707C2000355482 /* Meal.swift */,
				C611E07F2B73DB7A0043E335 /* Exercise.swift */,
				C611E0812B73DC2F0043E335 /* WorkoutManager.swift */,
			);
			path = Models;
			sourceTree = "<group>";
		};
		C699ACA32B59B8D000E62E8B /* CustomButtons */ = {
			isa = PBXGroup;
			children = (
				C699ACA42B59B8EA00E62E8B /* AddMealButton.swift */,
			);
			path = CustomButtons;
			sourceTree = "<group>";
		};
		C6CA5E372B54D8DA006756EF = {
			isa = PBXGroup;
			children = (
				C6CA5E422B54D8DA006756EF /* FirstKlassFitness */,
				C6CA5E412B54D8DA006756EF /* Products */,
			);
			sourceTree = "<group>";
		};
		C6CA5E412B54D8DA006756EF /* Products */ = {
			isa = PBXGroup;
			children = (
				C6CA5E402B54D8DA006756EF /* FirstKlassFitness.app */,
			);
			name = Products;
			sourceTree = "<group>";
		};
		C6CA5E422B54D8DA006756EF /* FirstKlassFitness */ = {
			isa = PBXGroup;
			children = (
				C62C5C3B2BAD3D39000A7A95 /* exercises.json */,
				C6CA5E612B54E8EB006756EF /* Info.plist */,
				C683B86C2B707C0800355482 /* Models */,
				C6CA5E5D2B54E830006756EF /* App */,
				C6CA5E5C2B54E809006756EF /* Utils */,
				C6CA5E512B54DFE3006756EF /* Views */,
				C6CA5E492B54D8DB006756EF /* Preview Content */,
			);
			path = FirstKlassFitness;
			sourceTree = "<group>";
		};
		C6CA5E492B54D8DB006756EF /* Preview Content */ = {
			isa = PBXGroup;
			children = (
				C6CA5E4A2B54D8DB006756EF /* Preview Assets.xcassets */,
			);
			path = "Preview Content";
			sourceTree = "<group>";
		};
		C6CA5E512B54DFE3006756EF /* Views */ = {
			isa = PBXGroup;
			children = (
				C6563BE42B88F8B6005F5805 /* Notes */,
				C6CA5E692B570CFC006756EF /* Statistcs */,
				C6CA5E522B54DFF2006756EF /* Home */,
			);
			path = Views;
			sourceTree = "<group>";
		};
		C6CA5E522B54DFF2006756EF /* Home */ = {
			isa = PBXGroup;
			children = (
				C6CA5E562B54E034006756EF /* HomeView.swift */,
				C683B88D2B70943500355482 /* WorkoutDetailView.swift */,
				C6CA5E662B56F548006756EF /* SupportiveViews */,
			);
			path = Home;
			sourceTree = "<group>";
		};
		C6CA5E5C2B54E809006756EF /* Utils */ = {
			isa = PBXGroup;
			children = (
				C6E522CA2B6DA36B003938E4 /* Extensions */,
				C699ACA32B59B8D000E62E8B /* CustomButtons */,
				C6CA5E5E2B54E870006756EF /* CustomFonts */,
				C6CA5E472B54D8DB006756EF /* Assets.xcassets */,
				C6CA5E5A2B54E287006756EF /* Theme.xcassets */,
			);
			path = Utils;
			sourceTree = "<group>";
		};
		C6CA5E5D2B54E830006756EF /* App */ = {
			isa = PBXGroup;
			children = (
				C6CA5E432B54D8DA006756EF /* FirstKlassFitnessApp.swift */,
				C6CA5E452B54D8DA006756EF /* ContentView.swift */,
			);
			path = App;
			sourceTree = "<group>";
		};
		C6CA5E5E2B54E870006756EF /* CustomFonts */ = {
			isa = PBXGroup;
			children = (
				C6CA5E5F2B54E885006756EF /* Roboto-Regular.ttf */,
			);
			path = CustomFonts;
			sourceTree = "<group>";
		};
		C6CA5E662B56F548006756EF /* SupportiveViews */ = {
			isa = PBXGroup;
			children = (
				C6CA5E642B56EB61006756EF /* WorkoutLGCardView.swift */,
				C6CA5E622B56E3ED006756EF /* WorkoutCategoriesSectionView.swift */,
				C6CA5E582B54E0E5006756EF /* TodayWorkoutPlanView.swift */,
			);
			path = SupportiveViews;
			sourceTree = "<group>";
		};
		C6CA5E692B570CFC006756EF /* Statistcs */ = {
			isa = PBXGroup;
			children = (
				C6CA5E6A2B571BBC006756EF /* SupportiveViews */,
				C6CA5E6B2B571BE6006756EF /* StatisticView.swift */,
				C6E522CD2B6DA3CC003938E4 /* MealLogStationView.swift */,
				C683B86F2B708A8800355482 /* MealLogItem.swift */,
			);
			path = Statistcs;
			sourceTree = "<group>";
		};
		C6CA5E6A2B571BBC006756EF /* SupportiveViews */ = {
			isa = PBXGroup;
			children = (
				C699AC9D2B59B7D400E62E8B /* MonthView.swift */,
				C699AC9F2B59B81600E62E8B /* DayView.swift */,
				C699ACA12B59B86200E62E8B /* ProgressInfomationView.swift */,
			);
			path = SupportiveViews;
			sourceTree = "<group>";
		};
		C6E522CA2B6DA36B003938E4 /* Extensions */ = {
			isa = PBXGroup;
			children = (
				C6E522CB2B6DA38B003938E4 /* View+Extension.swift */,
				C62C5C3D2BAD4BD8000A7A95 /* Date+Extension.swift */,
			);
			path = Extensions;
			sourceTree = "<group>";
		};
/* End PBXGroup section */

/* Begin PBXNativeTarget section */
		C6CA5E3F2B54D8DA006756EF /* FirstKlassFitness */ = {
			isa = PBXNativeTarget;
			buildConfigurationList = C6CA5E4E2B54D8DB006756EF /* Build configuration list for PBXNativeTarget "FirstKlassFitness" */;
			buildPhases = (
				C6CA5E3C2B54D8DA006756EF /* Sources */,
				C6CA5E3D2B54D8DA006756EF /* Frameworks */,
				C6CA5E3E2B54D8DA006756EF /* Resources */,
			);
			buildRules = (
			);
			dependencies = (
			);
			name = FirstKlassFitness;
			productName = FirstKlassFitness;
			productReference = C6CA5E402B54D8DA006756EF /* FirstKlassFitness.app */;
			productType = "com.apple.product-type.application";
		};
/* End PBXNativeTarget section */

/* Begin PBXProject section */
		C6CA5E382B54D8DA006756EF /* Project object */ = {
			isa = PBXProject;
			attributes = {
				BuildIndependentTargetsInParallel = 1;
				LastSwiftUpdateCheck = 1520;
				LastUpgradeCheck = 1520;
				TargetAttributes = {
					C6CA5E3F2B54D8DA006756EF = {
						CreatedOnToolsVersion = 15.2;
					};
				};
			};
			buildConfigurationList = C6CA5E3B2B54D8DA006756EF /* Build configuration list for PBXProject "FirstKlassFitness" */;
			compatibilityVersion = "Xcode 14.0";
			developmentRegion = en;
			hasScannedForEncodings = 0;
			knownRegions = (
				en,
				Base,
			);
			mainGroup = C6CA5E372B54D8DA006756EF;
			productRefGroup = C6CA5E412B54D8DA006756EF /* Products */;
			projectDirPath = "";
			projectRoot = "";
			targets = (
				C6CA5E3F2B54D8DA006756EF /* FirstKlassFitness */,
			);
		};
/* End PBXProject section */

/* Begin PBXResourcesBuildPhase section */
		C6CA5E3E2B54D8DA006756EF /* Resources */ = {
			isa = PBXResourcesBuildPhase;
			buildActionMask = 2147483647;
			files = (
				C62C5C3C2BAD3D39000A7A95 /* exercises.json in Resources */,
				C6CA5E5B2B54E287006756EF /* Theme.xcassets in Resources */,
				C6CA5E4B2B54D8DB006756EF /* Preview Assets.xcassets in Resources */,
				C6CA5E602B54E885006756EF /* Roboto-Regular.ttf in Resources */,
				C6CA5E482B54D8DB006756EF /* Assets.xcassets in Resources */,
			);
			runOnlyForDeploymentPostprocessing = 0;
		};
/* End PBXResourcesBuildPhase section */

/* Begin PBXSourcesBuildPhase section */
		C6CA5E3C2B54D8DA006756EF /* Sources */ = {
			isa = PBXSourcesBuildPhase;
			buildActionMask = 2147483647;
			files = (
				C6CA5E592B54E0E5006756EF /* TodayWorkoutPlanView.swift in Sources */,
				C683B88E2B70943500355482 /* WorkoutDetailView.swift in Sources */,
				C699ACA22B59B86200E62E8B /* ProgressInfomationView.swift in Sources */,
				C699ACA52B59B8EA00E62E8B /* AddMealButton.swift in Sources */,
				C699ACA02B59B81600E62E8B /* DayView.swift in Sources */,
				C62C5C3E2BAD4BD8000A7A95 /* Date+Extension.swift in Sources */,
				C6CA5E6C2B571BE6006756EF /* StatisticView.swift in Sources */,
				C6CA5E572B54E034006756EF /* HomeView.swift in Sources */,
				C6CA5E652B56EB61006756EF /* WorkoutLGCardView.swift in Sources */,
				C6E522CE2B6DA3CC003938E4 /* MealLogStationView.swift in Sources */,
				C611E0822B73DC2F0043E335 /* WorkoutManager.swift in Sources */,
				C6CA5E462B54D8DA006756EF /* ContentView.swift in Sources */,
				C683B86E2B707C2000355482 /* Meal.swift in Sources */,
				C6CA5E442B54D8DA006756EF /* FirstKlassFitnessApp.swift in Sources */,
				C6563BE62B88F8CB005F5805 /* NotesView.swift in Sources */,
				C683B8702B708A8800355482 /* MealLogItem.swift in Sources */,
				C6E522CC2B6DA38B003938E4 /* View+Extension.swift in Sources */,
				C699AC9E2B59B7D400E62E8B /* MonthView.swift in Sources */,
				C6CA5E632B56E3ED006756EF /* WorkoutCategoriesSectionView.swift in Sources */,
				C611E0802B73DB7A0043E335 /* Exercise.swift in Sources */,
			);
			runOnlyForDeploymentPostprocessing = 0;
		};
/* End PBXSourcesBuildPhase section */

/* Begin XCBuildConfiguration section */
		C6CA5E4C2B54D8DB006756EF /* Debug */ = {
			isa = XCBuildConfiguration;
			buildSettings = {
				ALWAYS_SEARCH_USER_PATHS = NO;
				ASSETCATALOG_COMPILER_GENERATE_SWIFT_ASSET_SYMBOL_EXTENSIONS = YES;
				CLANG_ANALYZER_NONNULL = YES;
				CLANG_ANALYZER_NUMBER_OBJECT_CONVERSION = YES_AGGRESSIVE;
				CLANG_CXX_LANGUAGE_STANDARD = "gnu++20";
				CLANG_ENABLE_MODULES = YES;
				CLANG_ENABLE_OBJC_ARC = YES;
				CLANG_ENABLE_OBJC_WEAK = YES;
				CLANG_WARN_BLOCK_CAPTURE_AUTORELEASING = YES;
				CLANG_WARN_BOOL_CONVERSION = YES;
				CLANG_WARN_COMMA = YES;
				CLANG_WARN_CONSTANT_CONVERSION = YES;
				CLANG_WARN_DEPRECATED_OBJC_IMPLEMENTATIONS = YES;
				CLANG_WARN_DIRECT_OBJC_ISA_USAGE = YES_ERROR;
				CLANG_WARN_DOCUMENTATION_COMMENTS = YES;
				CLANG_WARN_EMPTY_BODY = YES;
				CLANG_WARN_ENUM_CONVERSION = YES;
				CLANG_WARN_INFINITE_RECURSION = YES;
				CLANG_WARN_INT_CONVERSION = YES;
				CLANG_WARN_NON_LITERAL_NULL_CONVERSION = YES;
				CLANG_WARN_OBJC_IMPLICIT_RETAIN_SELF = YES;
				CLANG_WARN_OBJC_LITERAL_CONVERSION = YES;
				CLANG_WARN_OBJC_ROOT_CLASS = YES_ERROR;
				CLANG_WARN_QUOTED_INCLUDE_IN_FRAMEWORK_HEADER = YES;
				CLANG_WARN_RANGE_LOOP_ANALYSIS = YES;
				CLANG_WARN_STRICT_PROTOTYPES = YES;
				CLANG_WARN_SUSPICIOUS_MOVE = YES;
				CLANG_WARN_UNGUARDED_AVAILABILITY = YES_AGGRESSIVE;
				CLANG_WARN_UNREACHABLE_CODE = YES;
				CLANG_WARN__DUPLICATE_METHOD_MATCH = YES;
				COPY_PHASE_STRIP = NO;
				DEBUG_INFORMATION_FORMAT = dwarf;
				ENABLE_STRICT_OBJC_MSGSEND = YES;
				ENABLE_TESTABILITY = YES;
				ENABLE_USER_SCRIPT_SANDBOXING = YES;
				GCC_C_LANGUAGE_STANDARD = gnu17;
				GCC_DYNAMIC_NO_PIC = NO;
				GCC_NO_COMMON_BLOCKS = YES;
				GCC_OPTIMIZATION_LEVEL = 0;
				GCC_PREPROCESSOR_DEFINITIONS = (
					"DEBUG=1",
					"$(inherited)",
				);
				GCC_WARN_64_TO_32_BIT_CONVERSION = YES;
				GCC_WARN_ABOUT_RETURN_TYPE = YES_ERROR;
				GCC_WARN_UNDECLARED_SELECTOR = YES;
				GCC_WARN_UNINITIALIZED_AUTOS = YES_AGGRESSIVE;
				GCC_WARN_UNUSED_FUNCTION = YES;
				GCC_WARN_UNUSED_VARIABLE = YES;
				IPHONEOS_DEPLOYMENT_TARGET = 17.2;
				LOCALIZATION_PREFERS_STRING_CATALOGS = YES;
				MTL_ENABLE_DEBUG_INFO = INCLUDE_SOURCE;
				MTL_FAST_MATH = YES;
				ONLY_ACTIVE_ARCH = YES;
				SDKROOT = iphoneos;
				SWIFT_ACTIVE_COMPILATION_CONDITIONS = "DEBUG $(inherited)";
				SWIFT_OPTIMIZATION_LEVEL = "-Onone";
			};
			name = Debug;
		};
		C6CA5E4D2B54D8DB006756EF /* Release */ = {
			isa = XCBuildConfiguration;
			buildSettings = {
				ALWAYS_SEARCH_USER_PATHS = NO;
				ASSETCATALOG_COMPILER_GENERATE_SWIFT_ASSET_SYMBOL_EXTENSIONS = YES;
				CLANG_ANALYZER_NONNULL = YES;
				CLANG_ANALYZER_NUMBER_OBJECT_CONVERSION = YES_AGGRESSIVE;
				CLANG_CXX_LANGUAGE_STANDARD = "gnu++20";
				CLANG_ENABLE_MODULES = YES;
				CLANG_ENABLE_OBJC_ARC = YES;
				CLANG_ENABLE_OBJC_WEAK = YES;
				CLANG_WARN_BLOCK_CAPTURE_AUTORELEASING = YES;
				CLANG_WARN_BOOL_CONVERSION = YES;
				CLANG_WARN_COMMA = YES;
				CLANG_WARN_CONSTANT_CONVERSION = YES;
				CLANG_WARN_DEPRECATED_OBJC_IMPLEMENTATIONS = YES;
				CLANG_WARN_DIRECT_OBJC_ISA_USAGE = YES_ERROR;
				CLANG_WARN_DOCUMENTATION_COMMENTS = YES;
				CLANG_WARN_EMPTY_BODY = YES;
				CLANG_WARN_ENUM_CONVERSION = YES;
				CLANG_WARN_INFINITE_RECURSION = YES;
				CLANG_WARN_INT_CONVERSION = YES;
				CLANG_WARN_NON_LITERAL_NULL_CONVERSION = YES;
				CLANG_WARN_OBJC_IMPLICIT_RETAIN_SELF = YES;
				CLANG_WARN_OBJC_LITERAL_CONVERSION = YES;
				CLANG_WARN_OBJC_ROOT_CLASS = YES_ERROR;
				CLANG_WARN_QUOTED_INCLUDE_IN_FRAMEWORK_HEADER = YES;
				CLANG_WARN_RANGE_LOOP_ANALYSIS = YES;
				CLANG_WARN_STRICT_PROTOTYPES = YES;
				CLANG_WARN_SUSPICIOUS_MOVE = YES;
				CLANG_WARN_UNGUARDED_AVAILABILITY = YES_AGGRESSIVE;
				CLANG_WARN_UNREACHABLE_CODE = YES;
				CLANG_WARN__DUPLICATE_METHOD_MATCH = YES;
				COPY_PHASE_STRIP = NO;
				DEBUG_INFORMATION_FORMAT = "dwarf-with-dsym";
				ENABLE_NS_ASSERTIONS = NO;
				ENABLE_STRICT_OBJC_MSGSEND = YES;
				ENABLE_USER_SCRIPT_SANDBOXING = YES;
				GCC_C_LANGUAGE_STANDARD = gnu17;
				GCC_NO_COMMON_BLOCKS = YES;
				GCC_WARN_64_TO_32_BIT_CONVERSION = YES;
				GCC_WARN_ABOUT_RETURN_TYPE = YES_ERROR;
				GCC_WARN_UNDECLARED_SELECTOR = YES;
				GCC_WARN_UNINITIALIZED_AUTOS = YES_AGGRESSIVE;
				GCC_WARN_UNUSED_FUNCTION = YES;
				GCC_WARN_UNUSED_VARIABLE = YES;
				IPHONEOS_DEPLOYMENT_TARGET = 17.2;
				LOCALIZATION_PREFERS_STRING_CATALOGS = YES;
				MTL_ENABLE_DEBUG_INFO = NO;
				MTL_FAST_MATH = YES;
				SDKROOT = iphoneos;
				SWIFT_COMPILATION_MODE = wholemodule;
				VALIDATE_PRODUCT = YES;
			};
			name = Release;
		};
		C6CA5E4F2B54D8DB006756EF /* Debug */ = {
			isa = XCBuildConfiguration;
			buildSettings = {
				ASSETCATALOG_COMPILER_APPICON_NAME = AppIcon;
				ASSETCATALOG_COMPILER_GLOBAL_ACCENT_COLOR_NAME = AccentColor;
				CODE_SIGN_STYLE = Automatic;
				CURRENT_PROJECT_VERSION = 1;
				DEVELOPMENT_ASSET_PATHS = "\"FirstKlassFitness/Preview Content\"";
				DEVELOPMENT_TEAM = FZYRH5V929;
				ENABLE_PREVIEWS = YES;
				GENERATE_INFOPLIST_FILE = YES;
				INFOPLIST_FILE = FirstKlassFitness/Info.plist;
				INFOPLIST_KEY_UIApplicationSceneManifest_Generation = YES;
				INFOPLIST_KEY_UIApplicationSupportsIndirectInputEvents = YES;
				INFOPLIST_KEY_UILaunchScreen_Generation = YES;
				INFOPLIST_KEY_UISupportedInterfaceOrientations_iPad = "UIInterfaceOrientationPortrait UIInterfaceOrientationPortraitUpsideDown UIInterfaceOrientationLandscapeLeft UIInterfaceOrientationLandscapeRight";
				INFOPLIST_KEY_UISupportedInterfaceOrientations_iPhone = "UIInterfaceOrientationPortrait UIInterfaceOrientationLandscapeLeft UIInterfaceOrientationLandscapeRight";
				LD_RUNPATH_SEARCH_PATHS = (
					"$(inherited)",
					"@executable_path/Frameworks",
				);
				MARKETING_VERSION = 1.0;
				PRODUCT_BUNDLE_IDENTIFIER = com.alandis.FirstKlassFitness;
				PRODUCT_NAME = "$(TARGET_NAME)";
				SWIFT_EMIT_LOC_STRINGS = YES;
				SWIFT_VERSION = 5.0;
				TARGETED_DEVICE_FAMILY = "1,2";
			};
			name = Debug;
		};
		C6CA5E502B54D8DB006756EF /* Release */ = {
			isa = XCBuildConfiguration;
			buildSettings = {
				ASSETCATALOG_COMPILER_APPICON_NAME = AppIcon;
				ASSETCATALOG_COMPILER_GLOBAL_ACCENT_COLOR_NAME = AccentColor;
				CODE_SIGN_STYLE = Automatic;
				CURRENT_PROJECT_VERSION = 1;
				DEVELOPMENT_ASSET_PATHS = "\"FirstKlassFitness/Preview Content\"";
				DEVELOPMENT_TEAM = FZYRH5V929;
				ENABLE_PREVIEWS = YES;
				GENERATE_INFOPLIST_FILE = YES;
				INFOPLIST_FILE = FirstKlassFitness/Info.plist;
				INFOPLIST_KEY_UIApplicationSceneManifest_Generation = YES;
				INFOPLIST_KEY_UIApplicationSupportsIndirectInputEvents = YES;
				INFOPLIST_KEY_UILaunchScreen_Generation = YES;
				INFOPLIST_KEY_UISupportedInterfaceOrientations_iPad = "UIInterfaceOrientationPortrait UIInterfaceOrientationPortraitUpsideDown UIInterfaceOrientationLandscapeLeft UIInterfaceOrientationLandscapeRight";
				INFOPLIST_KEY_UISupportedInterfaceOrientations_iPhone = "UIInterfaceOrientationPortrait UIInterfaceOrientationLandscapeLeft UIInterfaceOrientationLandscapeRight";
				LD_RUNPATH_SEARCH_PATHS = (
					"$(inherited)",
					"@executable_path/Frameworks",
				);
				MARKETING_VERSION = 1.0;
				PRODUCT_BUNDLE_IDENTIFIER = com.alandis.FirstKlassFitness;
				PRODUCT_NAME = "$(TARGET_NAME)";
				SWIFT_EMIT_LOC_STRINGS = YES;
				SWIFT_VERSION = 5.0;
				TARGETED_DEVICE_FAMILY = "1,2";
			};
			name = Release;
		};
/* End XCBuildConfiguration section */

/* Begin XCConfigurationList section */
		C6CA5E3B2B54D8DA006756EF /* Build configuration list for PBXProject "FirstKlassFitness" */ = {
			isa = XCConfigurationList;
			buildConfigurations = (
				C6CA5E4C2B54D8DB006756EF /* Debug */,
				C6CA5E4D2B54D8DB006756EF /* Release */,
			);
			defaultConfigurationIsVisible = 0;
			defaultConfigurationName = Release;
		};
		C6CA5E4E2B54D8DB006756EF /* Build configuration list for PBXNativeTarget "FirstKlassFitness" */ = {
			isa = XCConfigurationList;
			buildConfigurations = (
				C6CA5E4F2B54D8DB006756EF /* Debug */,
				C6CA5E502B54D8DB006756EF /* Release */,
			);
			defaultConfigurationIsVisible = 0;
			defaultConfigurationName = Release;
		};
/* End XCConfigurationList section */
	};
	rootObject = C6CA5E382B54D8DA006756EF /* Project object */;
}
